
Microsoft Visual Studio Solution File, Format Version 12.00
# Visual Studio Version 16
VisualStudioVersion = 16.0.30709.132
MinimumVisualStudioVersion = 10.0.40219.1
Project("{FAE04EC0-301F-11D3-BF4B-00C04F79EFBC}") = "predstave", "predstave\predstave.csproj", "{FF3A70FB-B3FB-4AA3-8948-B06BB871CFEF}"
EndProject
Global
	GlobalSection(SolutionConfigurationPlatforms) = preSolution
		Debug|Any CPU = Debug|Any CPU
		Release|Any CPU = Release|Any CPU
	EndGlobalSection
	GlobalSection(ProjectConfigurationPlatforms) = postSolution
		{FF3A70FB-B3FB-4AA3-8948-B06BB871CFEF}.Debug|Any CPU.ActiveCfg = Debug|Any CPU
		{FF3A70FB-B3FB-4AA3-8948-B06BB871CFEF}.Debug|Any CPU.Build.0 = Debug|Any CPU
		{FF3A70FB-B3FB-4AA3-8948-B06BB871CFEF}.Release|Any CPU.ActiveCfg = Release|Any CPU
		{FF3A70FB-B3FB-4AA3-8948-B06BB871CFEF}.Release|Any CPU.Build.0 = Release|Any CPU
	EndGlobalSection
	GlobalSection(SolutionProperties) = preSolution
		HideSolutionNode = FALSE
	EndGlobalSection
	GlobalSection(ExtensibilityGlobals) = postSolution
		SolutionGuid = {75CEE860-9B63-4ACC-9314-12D137612E15}
	EndGlobalSection
EndGlobal
